
Microsoft Visual Studio Solution File, Format Version 12.00
# Visual Studio Version 17
VisualStudioVersion = 17.12.35521.163
MinimumVisualStudioVersion = 10.0.40219.1
Project("{FAE04EC0-301F-11D3-BF4B-00C04F79EFBC}") = "OOP_Session3_Demo", "OOP_Session3_Demo\OOP_Session3_Demo.csproj", "{EB897092-F0E2-4522-AB05-AEE204F798C6}"
EndProject
Project("{FAE04EC0-301F-11D3-BF4B-00C04F79EFBC}") = "OOP_Assignment_3", "OOP_Assignment_3\OOP_Assignment_3.csproj", "{70E5EC17-983B-4A78-B60D-409E57D3B566}"
EndProject
Global
	GlobalSection(SolutionConfigurationPlatforms) = preSolution
		Debug|Any CPU = Debug|Any CPU
		Release|Any CPU = Release|Any CPU
	EndGlobalSection
	GlobalSection(ProjectConfigurationPlatforms) = postSolution
		{EB897092-F0E2-4522-AB05-AEE204F798C6}.Debug|Any CPU.ActiveCfg = Debug|Any CPU
		{EB897092-F0E2-4522-AB05-AEE204F798C6}.Debug|Any CPU.Build.0 = Debug|Any CPU
		{EB897092-F0E2-4522-AB05-AEE204F798C6}.Release|Any CPU.ActiveCfg = Release|Any CPU
		{EB897092-F0E2-4522-AB05-AEE204F798C6}.Release|Any CPU.Build.0 = Release|Any CPU
		{70E5EC17-983B-4A78-B60D-409E57D3B566}.Debug|Any CPU.ActiveCfg = Debug|Any CPU
		{70E5EC17-983B-4A78-B60D-409E57D3B566}.Debug|Any CPU.Build.0 = Debug|Any CPU
		{70E5EC17-983B-4A78-B60D-409E57D3B566}.Release|Any CPU.ActiveCfg = Release|Any CPU
		{70E5EC17-983B-4A78-B60D-409E57D3B566}.Release|Any CPU.Build.0 = Release|Any CPU
	EndGlobalSection
	GlobalSection(SolutionProperties) = preSolution
		HideSolutionNode = FALSE
	EndGlobalSection
EndGlobal
